
Microsoft Visual Studio Solution File, Format Version 12.00
# Visual Studio Version 17
VisualStudioVersion = 17.10.35013.160
MinimumVisualStudioVersion = 10.0.40219.1
Project("{FAE04EC0-301F-11D3-BF4B-00C04F79EFBC}") = "ЛР1", "ЛР1\ЛР1.csproj", "{1113ED5E-F0F0-45E1-9F4F-768AA52CA06D}"
EndProject
Global
	GlobalSection(SolutionConfigurationPlatforms) = preSolution
		Debug|Any CPU = Debug|Any CPU
		Release|Any CPU = Release|Any CPU
	EndGlobalSection
	GlobalSection(ProjectConfigurationPlatforms) = postSolution
		{1113ED5E-F0F0-45E1-9F4F-768AA52CA06D}.Debug|Any CPU.ActiveCfg = Debug|Any CPU
		{1113ED5E-F0F0-45E1-9F4F-768AA52CA06D}.Debug|Any CPU.Build.0 = Debug|Any CPU
		{1113ED5E-F0F0-45E1-9F4F-768AA52CA06D}.Release|Any CPU.ActiveCfg = Release|Any CPU
		{1113ED5E-F0F0-45E1-9F4F-768AA52CA06D}.Release|Any CPU.Build.0 = Release|Any CPU
	EndGlobalSection
	GlobalSection(SolutionProperties) = preSolution
		HideSolutionNode = FALSE
	EndGlobalSection
	GlobalSection(ExtensibilityGlobals) = postSolution
		SolutionGuid = {275D31DE-52F9-4608-8E47-AADC9D1E86EB}
	EndGlobalSection
EndGlobal
